
Microsoft Visual Studio Solution File, Format Version 12.00
# Visual Studio Version 17
VisualStudioVersion = 17.7.34024.191
MinimumVisualStudioVersion = 10.0.40219.1
Project("{FAE04EC0-301F-11D3-BF4B-00C04F79EFBC}") = "OrderManagement", "OrderManagement\OrderManagement.csproj", "{8513ED60-58C8-4F30-984B-9227C85423B1}"
EndProject
Project("{FAE04EC0-301F-11D3-BF4B-00C04F79EFBC}") = "OrderManagementTests", "OrderManagementTests\OrderManagementTests.csproj", "{5C8E4512-1760-41D6-B621-1A97D98D0273}"
EndProject
Global
	GlobalSection(SolutionConfigurationPlatforms) = preSolution
		Debug|Any CPU = Debug|Any CPU
		Release|Any CPU = Release|Any CPU
	EndGlobalSection
	GlobalSection(ProjectConfigurationPlatforms) = postSolution
		{8513ED60-58C8-4F30-984B-9227C85423B1}.Debug|Any CPU.ActiveCfg = Debug|Any CPU
		{8513ED60-58C8-4F30-984B-9227C85423B1}.Debug|Any CPU.Build.0 = Debug|Any CPU
		{8513ED60-58C8-4F30-984B-9227C85423B1}.Release|Any CPU.ActiveCfg = Release|Any CPU
		{8513ED60-58C8-4F30-984B-9227C85423B1}.Release|Any CPU.Build.0 = Release|Any CPU
		{5C8E4512-1760-41D6-B621-1A97D98D0273}.Debug|Any CPU.ActiveCfg = Debug|Any CPU
		{5C8E4512-1760-41D6-B621-1A97D98D0273}.Debug|Any CPU.Build.0 = Debug|Any CPU
		{5C8E4512-1760-41D6-B621-1A97D98D0273}.Release|Any CPU.ActiveCfg = Release|Any CPU
		{5C8E4512-1760-41D6-B621-1A97D98D0273}.Release|Any CPU.Build.0 = Release|Any CPU
	EndGlobalSection
	GlobalSection(SolutionProperties) = preSolution
		HideSolutionNode = FALSE
	EndGlobalSection
	GlobalSection(ExtensibilityGlobals) = postSolution
		SolutionGuid = {B3537C15-89C9-47BB-B081-4D2C960C8B9B}
	EndGlobalSection
EndGlobal
