
Microsoft Visual Studio Solution File, Format Version 12.00
# Visual Studio Version 17
VisualStudioVersion = 17.7.34024.191
MinimumVisualStudioVersion = 10.0.40219.1
Project("{FAE04EC0-301F-11D3-BF4B-00C04F79EFBC}") = "WindowsFormsApp1", "WindowsFormsApp1\WindowsFormsApp1.csproj", "{94093F1F-9F3C-44C6-B3B0-767FA9DE162C}"
EndProject
Global
	GlobalSection(SolutionConfigurationPlatforms) = preSolution
		Debug|Any CPU = Debug|Any CPU
		Release|Any CPU = Release|Any CPU
	EndGlobalSection
	GlobalSection(ProjectConfigurationPlatforms) = postSolution
		{94093F1F-9F3C-44C6-B3B0-767FA9DE162C}.Debug|Any CPU.ActiveCfg = Debug|Any CPU
		{94093F1F-9F3C-44C6-B3B0-767FA9DE162C}.Debug|Any CPU.Build.0 = Debug|Any CPU
		{94093F1F-9F3C-44C6-B3B0-767FA9DE162C}.Release|Any CPU.ActiveCfg = Release|Any CPU
		{94093F1F-9F3C-44C6-B3B0-767FA9DE162C}.Release|Any CPU.Build.0 = Release|Any CPU
	EndGlobalSection
	GlobalSection(SolutionProperties) = preSolution
		HideSolutionNode = FALSE
	EndGlobalSection
	GlobalSection(ExtensibilityGlobals) = postSolution
		SolutionGuid = {1DAD3C5B-50C6-4B56-8D02-926BE1F28E93}
	EndGlobalSection
EndGlobal
