
Microsoft Visual Studio Solution File, Format Version 12.00
# Visual Studio Version 17
VisualStudioVersion = 17.7.34024.191
MinimumVisualStudioVersion = 10.0.40219.1
Project("{FAE04EC0-301F-11D3-BF4B-00C04F79EFBC}") = "Work3", "Work3\Work3.csproj", "{20C9444E-A267-4694-919E-29A1B36696FD}"
EndProject
Global
	GlobalSection(SolutionConfigurationPlatforms) = preSolution
		Debug|Any CPU = Debug|Any CPU
		Release|Any CPU = Release|Any CPU
	EndGlobalSection
	GlobalSection(ProjectConfigurationPlatforms) = postSolution
		{20C9444E-A267-4694-919E-29A1B36696FD}.Debug|Any CPU.ActiveCfg = Debug|Any CPU
		{20C9444E-A267-4694-919E-29A1B36696FD}.Debug|Any CPU.Build.0 = Debug|Any CPU
		{20C9444E-A267-4694-919E-29A1B36696FD}.Release|Any CPU.ActiveCfg = Release|Any CPU
		{20C9444E-A267-4694-919E-29A1B36696FD}.Release|Any CPU.Build.0 = Release|Any CPU
	EndGlobalSection
	GlobalSection(SolutionProperties) = preSolution
		HideSolutionNode = FALSE
	EndGlobalSection
	GlobalSection(ExtensibilityGlobals) = postSolution
		SolutionGuid = {A327D923-651E-413D-BE3F-910359E07580}
	EndGlobalSection
EndGlobal
