
Microsoft Visual Studio Solution File, Format Version 12.00
# Visual Studio Version 17
VisualStudioVersion = 17.7.34024.191
MinimumVisualStudioVersion = 10.0.40219.1
Project("{FAE04EC0-301F-11D3-BF4B-00C04F79EFBC}") = "assignment4-1", "assignment4-1\assignment4-1.csproj", "{8D31D778-3C58-496D-8E21-D7704FCC53F9}"
EndProject
Global
	GlobalSection(SolutionConfigurationPlatforms) = preSolution
		Debug|Any CPU = Debug|Any CPU
		Release|Any CPU = Release|Any CPU
	EndGlobalSection
	GlobalSection(ProjectConfigurationPlatforms) = postSolution
		{8D31D778-3C58-496D-8E21-D7704FCC53F9}.Debug|Any CPU.ActiveCfg = Debug|Any CPU
		{8D31D778-3C58-496D-8E21-D7704FCC53F9}.Debug|Any CPU.Build.0 = Debug|Any CPU
		{8D31D778-3C58-496D-8E21-D7704FCC53F9}.Release|Any CPU.ActiveCfg = Release|Any CPU
		{8D31D778-3C58-496D-8E21-D7704FCC53F9}.Release|Any CPU.Build.0 = Release|Any CPU
	EndGlobalSection
	GlobalSection(SolutionProperties) = preSolution
		HideSolutionNode = FALSE
	EndGlobalSection
	GlobalSection(ExtensibilityGlobals) = postSolution
		SolutionGuid = {7FF42718-3A0F-4DA5-B949-2329439D3FED}
	EndGlobalSection
EndGlobal
