
Microsoft Visual Studio Solution File, Format Version 12.00
# Visual Studio Version 17
VisualStudioVersion = 17.7.34024.191
MinimumVisualStudioVersion = 10.0.40219.1
Project("{FAE04EC0-301F-11D3-BF4B-00C04F79EFBC}") = "Calculator2", "Calculator2\Calculator2.csproj", "{111E47CB-0D40-4184-9A44-B5FAB165F651}"
EndProject
Global
	GlobalSection(SolutionConfigurationPlatforms) = preSolution
		Debug|Any CPU = Debug|Any CPU
		Release|Any CPU = Release|Any CPU
	EndGlobalSection
	GlobalSection(ProjectConfigurationPlatforms) = postSolution
		{111E47CB-0D40-4184-9A44-B5FAB165F651}.Debug|Any CPU.ActiveCfg = Debug|Any CPU
		{111E47CB-0D40-4184-9A44-B5FAB165F651}.Debug|Any CPU.Build.0 = Debug|Any CPU
		{111E47CB-0D40-4184-9A44-B5FAB165F651}.Release|Any CPU.ActiveCfg = Release|Any CPU
		{111E47CB-0D40-4184-9A44-B5FAB165F651}.Release|Any CPU.Build.0 = Release|Any CPU
	EndGlobalSection
	GlobalSection(SolutionProperties) = preSolution
		HideSolutionNode = FALSE
	EndGlobalSection
	GlobalSection(ExtensibilityGlobals) = postSolution
		SolutionGuid = {189050EE-5076-4B06-AB86-F035C0A4CD16}
	EndGlobalSection
EndGlobal
